
Microsoft Visual Studio Solution File, Format Version 12.00
# Visual Studio Version 17
VisualStudioVersion = 17.8.34330.188
MinimumVisualStudioVersion = 10.0.40219.1
Project("{2150E333-8FDC-42A3-9474-1A3956D46DE8}") = "src", "src", "{A726BAF1-BE3E-4E05-8283-22196DDD92D6}"
EndProject
Project("{2150E333-8FDC-42A3-9474-1A3956D46DE8}") = "database", "database", "{52132219-0086-4A51-B775-A10D415619CD}"
EndProject
Project("{2150E333-8FDC-42A3-9474-1A3956D46DE8}") = "business", "business", "{37F29F16-5AB3-4C5C-A310-57532F92AC9E}"
EndProject
Project("{2150E333-8FDC-42A3-9474-1A3956D46DE8}") = "application", "application", "{0A75F567-B3E4-4338-934A-2A07F40662A9}"
EndProject
Project("{9A19103F-16F7-4668-BE54-9A1E7A4F7556}") = "CafeDevCode.Database", "src\CafeDevCode.Database\CafeDevCode.Database.csproj", "{85C0A18A-C190-40EC-A0E3-F6986F63B768}"
EndProject
Project("{9A19103F-16F7-4668-BE54-9A1E7A4F7556}") = "CafeDevCode.Database.Shared", "src\CafeDevCode.Database.Shared\CafeDevCode.Database.Shared.csproj", "{36A70B85-23F7-4F7F-B81D-AC7FEFA07384}"
EndProject
Project("{9A19103F-16F7-4668-BE54-9A1E7A4F7556}") = "CafeDevCode.Logic", "src\CafeDevCode.Logic\CafeDevCode.Logic.csproj", "{2AFA834A-4DFE-4803-8298-983AC6F03E2D}"
EndProject
Project("{9A19103F-16F7-4668-BE54-9A1E7A4F7556}") = "CafeDevCode.Logic.Shared", "src\CafeDevCode.Logic.Shared\CafeDevCode.Logic.Shared.csproj", "{8B5F513D-0D19-478B-A49B-10C34D7AAC9A}"
EndProject
Project("{2150E333-8FDC-42A3-9474-1A3956D46DE8}") = "common", "common", "{5A2AEDE6-0D8B-42A7-8ECD-D4E9530C8F1B}"
EndProject
Project("{FAE04EC0-301F-11D3-BF4B-00C04F79EFBC}") = "CafeDevCode.Common.Shared", "src\CafeDevCode.Common.Shared\CafeDevCode.Common.Shared.csproj", "{B3618000-80DC-41D4-8301-DACD09A46027}"
EndProject
Project("{FAE04EC0-301F-11D3-BF4B-00C04F79EFBC}") = "CafeDevCode.Utils", "src\CafeDevCode.Utils\CafeDevCode.Utils.csproj", "{3C4B57A6-B11C-4632-91F8-ABEC414B70BA}"
EndProject
Project("{FAE04EC0-301F-11D3-BF4B-00C04F79EFBC}") = "CafeDevCode.Website", "src\CafeDevCode.Website\CafeDevCode.Website.csproj", "{AA9A7A5E-C672-438C-B738-97D78D171804}"
EndProject
Global
	GlobalSection(SolutionConfigurationPlatforms) = preSolution
		Debug|Any CPU = Debug|Any CPU
		Release|Any CPU = Release|Any CPU
	EndGlobalSection
	GlobalSection(ProjectConfigurationPlatforms) = postSolution
		{85C0A18A-C190-40EC-A0E3-F6986F63B768}.Debug|Any CPU.ActiveCfg = Debug|Any CPU
		{85C0A18A-C190-40EC-A0E3-F6986F63B768}.Debug|Any CPU.Build.0 = Debug|Any CPU
		{85C0A18A-C190-40EC-A0E3-F6986F63B768}.Release|Any CPU.ActiveCfg = Release|Any CPU
		{85C0A18A-C190-40EC-A0E3-F6986F63B768}.Release|Any CPU.Build.0 = Release|Any CPU
		{36A70B85-23F7-4F7F-B81D-AC7FEFA07384}.Debug|Any CPU.ActiveCfg = Debug|Any CPU
		{36A70B85-23F7-4F7F-B81D-AC7FEFA07384}.Debug|Any CPU.Build.0 = Debug|Any CPU
		{36A70B85-23F7-4F7F-B81D-AC7FEFA07384}.Release|Any CPU.ActiveCfg = Release|Any CPU
		{36A70B85-23F7-4F7F-B81D-AC7FEFA07384}.Release|Any CPU.Build.0 = Release|Any CPU
		{2AFA834A-4DFE-4803-8298-983AC6F03E2D}.Debug|Any CPU.ActiveCfg = Debug|Any CPU
		{2AFA834A-4DFE-4803-8298-983AC6F03E2D}.Debug|Any CPU.Build.0 = Debug|Any CPU
		{2AFA834A-4DFE-4803-8298-983AC6F03E2D}.Release|Any CPU.ActiveCfg = Release|Any CPU
		{2AFA834A-4DFE-4803-8298-983AC6F03E2D}.Release|Any CPU.Build.0 = Release|Any CPU
		{8B5F513D-0D19-478B-A49B-10C34D7AAC9A}.Debug|Any CPU.ActiveCfg = Debug|Any CPU
		{8B5F513D-0D19-478B-A49B-10C34D7AAC9A}.Debug|Any CPU.Build.0 = Debug|Any CPU
		{8B5F513D-0D19-478B-A49B-10C34D7AAC9A}.Release|Any CPU.ActiveCfg = Release|Any CPU
		{8B5F513D-0D19-478B-A49B-10C34D7AAC9A}.Release|Any CPU.Build.0 = Release|Any CPU
		{B3618000-80DC-41D4-8301-DACD09A46027}.Debug|Any CPU.ActiveCfg = Debug|Any CPU
		{B3618000-80DC-41D4-8301-DACD09A46027}.Debug|Any CPU.Build.0 = Debug|Any CPU
		{B3618000-80DC-41D4-8301-DACD09A46027}.Release|Any CPU.ActiveCfg = Release|Any CPU
		{B3618000-80DC-41D4-8301-DACD09A46027}.Release|Any CPU.Build.0 = Release|Any CPU
		{3C4B57A6-B11C-4632-91F8-ABEC414B70BA}.Debug|Any CPU.ActiveCfg = Debug|Any CPU
		{3C4B57A6-B11C-4632-91F8-ABEC414B70BA}.Debug|Any CPU.Build.0 = Debug|Any CPU
		{3C4B57A6-B11C-4632-91F8-ABEC414B70BA}.Release|Any CPU.ActiveCfg = Release|Any CPU
		{3C4B57A6-B11C-4632-91F8-ABEC414B70BA}.Release|Any CPU.Build.0 = Release|Any CPU
		{AA9A7A5E-C672-438C-B738-97D78D171804}.Debug|Any CPU.ActiveCfg = Debug|Any CPU
		{AA9A7A5E-C672-438C-B738-97D78D171804}.Debug|Any CPU.Build.0 = Debug|Any CPU
		{AA9A7A5E-C672-438C-B738-97D78D171804}.Release|Any CPU.ActiveCfg = Release|Any CPU
		{AA9A7A5E-C672-438C-B738-97D78D171804}.Release|Any CPU.Build.0 = Release|Any CPU
	EndGlobalSection
	GlobalSection(SolutionProperties) = preSolution
		HideSolutionNode = FALSE
	EndGlobalSection
	GlobalSection(NestedProjects) = preSolution
		{52132219-0086-4A51-B775-A10D415619CD} = {A726BAF1-BE3E-4E05-8283-22196DDD92D6}
		{37F29F16-5AB3-4C5C-A310-57532F92AC9E} = {A726BAF1-BE3E-4E05-8283-22196DDD92D6}
		{0A75F567-B3E4-4338-934A-2A07F40662A9} = {A726BAF1-BE3E-4E05-8283-22196DDD92D6}
		{85C0A18A-C190-40EC-A0E3-F6986F63B768} = {52132219-0086-4A51-B775-A10D415619CD}
		{36A70B85-23F7-4F7F-B81D-AC7FEFA07384} = {52132219-0086-4A51-B775-A10D415619CD}
		{2AFA834A-4DFE-4803-8298-983AC6F03E2D} = {37F29F16-5AB3-4C5C-A310-57532F92AC9E}
		{8B5F513D-0D19-478B-A49B-10C34D7AAC9A} = {37F29F16-5AB3-4C5C-A310-57532F92AC9E}
		{5A2AEDE6-0D8B-42A7-8ECD-D4E9530C8F1B} = {A726BAF1-BE3E-4E05-8283-22196DDD92D6}
		{B3618000-80DC-41D4-8301-DACD09A46027} = {5A2AEDE6-0D8B-42A7-8ECD-D4E9530C8F1B}
		{3C4B57A6-B11C-4632-91F8-ABEC414B70BA} = {5A2AEDE6-0D8B-42A7-8ECD-D4E9530C8F1B}
		{AA9A7A5E-C672-438C-B738-97D78D171804} = {0A75F567-B3E4-4338-934A-2A07F40662A9}
	EndGlobalSection
	GlobalSection(ExtensibilityGlobals) = postSolution
		SolutionGuid = {ECE213CE-C654-4AE1-BF18-5926D7D00CE0}
	EndGlobalSection
EndGlobal
